// !$*UTF8*$!
{
	archiveVersion = 1;
	classes = {
	};
	objectVersion = 50;
	objects = {

/* Begin PBXBuildFile section */
		1780F672211ACDD700D434C4 /* AppDelegate.swift in Sources */ = {isa = PBXBuildFile; fileRef = 1780F671211ACDD700D434C4 /* AppDelegate.swift */; };
		1780F674211ACDD700D434C4 /* ViewController.swift in Sources */ = {isa = PBXBuildFile; fileRef = 1780F673211ACDD700D434C4 /* ViewController.swift */; };
		1780F677211ACDD700D434C4 /* Main.storyboard in Resources */ = {isa = PBXBuildFile; fileRef = 1780F675211ACDD700D434C4 /* Main.storyboard */; };
		1780F67A211ACDD700D434C4 /* MVVMExample.xcdatamodeld in Sources */ = {isa = PBXBuildFile; fileRef = 1780F678211ACDD700D434C4 /* MVVMExample.xcdatamodeld */; };
		1780F67C211ACDD900D434C4 /* Assets.xcassets in Resources */ = {isa = PBXBuildFile; fileRef = 1780F67B211ACDD900D434C4 /* Assets.xcassets */; };
		1780F67F211ACDD900D434C4 /* LaunchScreen.storyboard in Resources */ = {isa = PBXBuildFile; fileRef = 1780F67D211ACDD900D434C4 /* LaunchScreen.storyboard */; };
		1780F687211ACE8300D434C4 /* ListTableDataSource.swift in Sources */ = {isa = PBXBuildFile; fileRef = 1780F686211ACE8300D434C4 /* ListTableDataSource.swift */; };
		1780F689211ACEA600D434C4 /* ListViewModel.swift in Sources */ = {isa = PBXBuildFile; fileRef = 1780F688211ACEA600D434C4 /* ListViewModel.swift */; };
		1780F68B211ACEE900D434C4 /* UserModel.swift in Sources */ = {isa = PBXBuildFile; fileRef = 1780F68A211ACEE900D434C4 /* UserModel.swift */; };
/* End PBXBuildFile section */

/* Begin PBXFileReference section */
		1780F66E211ACDD700D434C4 /* MVVMExample.app */ = {isa = PBXFileReference; explicitFileType = wrapper.application; includeInIndex = 0; path = MVVMExample.app; sourceTree = BUILT_PRODUCTS_DIR; };
		1780F671211ACDD700D434C4 /* AppDelegate.swift */ = {isa = PBXFileReference; lastKnownFileType = sourcecode.swift; path = AppDelegate.swift; sourceTree = "<group>"; };
		1780F673211ACDD700D434C4 /* ViewController.swift */ = {isa = PBXFileReference; lastKnownFileType = sourcecode.swift; path = ViewController.swift; sourceTree = "<group>"; };
		1780F676211ACDD700D434C4 /* Base */ = {isa = PBXFileReference; lastKnownFileType = file.storyboard; name = Base; path = Base.lproj/Main.storyboard; sourceTree = "<group>"; };
		1780F679211ACDD700D434C4 /* MVVMExample.xcdatamodel */ = {isa = PBXFileReference; lastKnownFileType = wrapper.xcdatamodel; path = MVVMExample.xcdatamodel; sourceTree = "<group>"; };
		1780F67B211ACDD900D434C4 /* Assets.xcassets */ = {isa = PBXFileReference; lastKnownFileType = folder.assetcatalog; path = Assets.xcassets; sourceTree = "<group>"; };
		1780F67E211ACDD900D434C4 /* Base */ = {isa = PBXFileReference; lastKnownFileType = file.storyboard; name = Base; path = Base.lproj/LaunchScreen.storyboard; sourceTree = "<group>"; };
		1780F680211ACDD900D434C4 /* Info.plist */ = {isa = PBXFileReference; lastKnownFileType = text.plist.xml; path = Info.plist; sourceTree = "<group>"; };
		1780F686211ACE8300D434C4 /* ListTableDataSource.swift */ = {isa = PBXFileReference; lastKnownFileType = sourcecode.swift; path = ListTableDataSource.swift; sourceTree = "<group>"; };
		1780F688211ACEA600D434C4 /* ListViewModel.swift */ = {isa = PBXFileReference; lastKnownFileType = sourcecode.swift; path = ListViewModel.swift; sourceTree = "<group>"; };
		1780F68A211ACEE900D434C4 /* UserModel.swift */ = {isa = PBXFileReference; lastKnownFileType = sourcecode.swift; path = UserModel.swift; sourceTree = "<group>"; };
/* End PBXFileReference section */

/* Begin PBXFrameworksBuildPhase section */
		1780F66B211ACDD700D434C4 /* Frameworks */ = {
			isa = PBXFrameworksBuildPhase;
			buildActionMask = 2147483647;
			files = (
			);
			runOnlyForDeploymentPostprocessing = 0;
		};
/* End PBXFrameworksBuildPhase section */

/* Begin PBXGroup section */
		1780F665211ACDD700D434C4 = {
			isa = PBXGroup;
			children = (
				1780F670211ACDD700D434C4 /* MVVMExample */,
				1780F66F211ACDD700D434C4 /* Products */,
			);
			sourceTree = "<group>";
		};
		1780F66F211ACDD700D434C4 /* Products */ = {
			isa = PBXGroup;
			children = (
				1780F66E211ACDD700D434C4 /* MVVMExample.app */,
			);
			name = Products;
			sourceTree = "<group>";
		};
		1780F670211ACDD700D434C4 /* MVVMExample */ = {
			isa = PBXGroup;
			children = (
				1780F671211ACDD700D434C4 /* AppDelegate.swift */,
				1780F673211ACDD700D434C4 /* ViewController.swift */,
				1780F688211ACEA600D434C4 /* ListViewModel.swift */,
				1780F686211ACE8300D434C4 /* ListTableDataSource.swift */,
				1780F68A211ACEE900D434C4 /* UserModel.swift */,
				1780F675211ACDD700D434C4 /* Main.storyboard */,
				1780F67B211ACDD900D434C4 /* Assets.xcassets */,
				1780F67D211ACDD900D434C4 /* LaunchScreen.storyboard */,
				1780F680211ACDD900D434C4 /* Info.plist */,
				1780F678211ACDD700D434C4 /* MVVMExample.xcdatamodeld */,
			);
			path = MVVMExample;
			sourceTree = "<group>";
		};
/* End PBXGroup section */

/* Begin PBXNativeTarget section */
		1780F66D211ACDD700D434C4 /* MVVMExample */ = {
			isa = PBXNativeTarget;
			buildConfigurationList = 1780F683211ACDD900D434C4 /* Build configuration list for PBXNativeTarget "MVVMExample" */;
			buildPhases = (
				1780F66A211ACDD700D434C4 /* Sources */,
				1780F66B211ACDD700D434C4 /* Frameworks */,
				1780F66C211ACDD700D434C4 /* Resources */,
			);
			buildRules = (
			);
			dependencies = (
			);
			name = MVVMExample;
			productName = MVVMExample;
			productReference = 1780F66E211ACDD700D434C4 /* MVVMExample.app */;
			productType = "com.apple.product-type.application";
		};
/* End PBXNativeTarget section */

/* Begin PBXProject section */
		1780F666211ACDD700D434C4 /* Project object */ = {
			isa = PBXProject;
			attributes = {
				LastSwiftUpdateCheck = 0930;
				LastUpgradeCheck = 0930;
				ORGANIZATIONNAME = "MOBILE MAC1";
				TargetAttributes = {
					1780F66D211ACDD700D434C4 = {
						CreatedOnToolsVersion = 9.3;
					};
				};
			};
			buildConfigurationList = 1780F669211ACDD700D434C4 /* Build configuration list for PBXProject "MVVMExample" */;
			compatibilityVersion = "Xcode 9.3";
			developmentRegion = en;
			hasScannedForEncodings = 0;
			knownRegions = (
				en,
				Base,
			);
			mainGroup = 1780F665211ACDD700D434C4;
			productRefGroup = 1780F66F211ACDD700D434C4 /* Products */;
			projectDirPath = "";
			projectRoot = "";
			targets = (
				1780F66D211ACDD700D434C4 /* MVVMExample */,
			);
		};
/* End PBXProject section */

/* Begin PBXResourcesBuildPhase section */
		1780F66C211ACDD700D434C4 /* Resources */ = {
			isa = PBXResourcesBuildPhase;
			buildActionMask = 2147483647;
			files = (
				1780F67F211ACDD900D434C4 /* LaunchScreen.storyboard in Resources */,
				1780F67C211ACDD900D434C4 /* Assets.xcassets in Resources */,
				1780F677211ACDD700D434C4 /* Main.storyboard in Resources */,
			);
			runOnlyForDeploymentPostprocessing = 0;
		};
/* End PBXResourcesBuildPhase section */

/* Begin PBXSourcesBuildPhase section */
		1780F66A211ACDD700D434C4 /* Sources */ = {
			isa = PBXSourcesBuildPhase;
			buildActionMask = 2147483647;
			files = (
				1780F689211ACEA600D434C4 /* ListViewModel.swift in Sources */,
				1780F674211ACDD700D434C4 /* ViewController.swift in Sources */,
				1780F672211ACDD700D434C4 /* AppDelegate.swift in Sources */,
				1780F67A211ACDD700D434C4 /* MVVMExample.xcdatamodeld in Sources */,
				1780F68B211ACEE900D434C4 /* UserModel.swift in Sources */,
				1780F687211ACE8300D434C4 /* ListTableDataSource.swift in Sources */,
			);
			runOnlyForDeploymentPostprocessing = 0;
		};
/* End PBXSourcesBuildPhase section */

/* Begin PBXVariantGroup section */
		1780F675211ACDD700D434C4 /* Main.storyboard */ = {
			isa = PBXVariantGroup;
			children = (
				1780F676211ACDD700D434C4 /* Base */,
			);
			name = Main.storyboard;
			sourceTree = "<group>";
		};
		1780F67D211ACDD900D434C4 /* LaunchScreen.storyboard */ = {
			isa = PBXVariantGroup;
			children = (
				1780F67E211ACDD900D434C4 /* Base */,
			);
			name = LaunchScreen.storyboard;
			sourceTree = "<group>";
		};
/* End PBXVariantGroup section */

/* Begin XCBuildConfiguration section */
		1780F681211ACDD900D434C4 /* Debug */ = {
			isa = XCBuildConfiguration;
			buildSettings = {
				ALWAYS_SEARCH_USER_PATHS = NO;
				CLANG_ANALYZER_NONNULL = YES;
				CLANG_ANALYZER_NUMBER_OBJECT_CONVERSION = YES_AGGRESSIVE;
				CLANG_CXX_LANGUAGE_STANDARD = "gnu++14";
				CLANG_CXX_LIBRARY = "libc++";
				CLANG_ENABLE_MODULES = YES;
				CLANG_ENABLE_OBJC_ARC = YES;
				CLANG_ENABLE_OBJC_WEAK = YES;
				CLANG_WARN_BLOCK_CAPTURE_AUTORELEASING = YES;
				CLANG_WARN_BOOL_CONVERSION = YES;
				CLANG_WARN_COMMA = YES;
				CLANG_WARN_CONSTANT_CONVERSION = YES;
				CLANG_WARN_DEPRECATED_OBJC_IMPLEMENTATIONS = YES;
				CLANG_WARN_DIRECT_OBJC_ISA_USAGE = YES_ERROR;
				CLANG_WARN_DOCUMENTATION_COMMENTS = YES;
				CLANG_WARN_EMPTY_BODY = YES;
				CLANG_WARN_ENUM_CONVERSION = YES;
				CLANG_WARN_INFINITE_RECURSION = YES;
				CLANG_WARN_INT_CONVERSION = YES;
				CLANG_WARN_NON_LITERAL_NULL_CONVERSION = YES;
				CLANG_WARN_OBJC_IMPLICIT_RETAIN_SELF = YES;
				CLANG_WARN_OBJC_LITERAL_CONVERSION = YES;
				CLANG_WARN_OBJC_ROOT_CLASS = YES_ERROR;
				CLANG_WARN_RANGE_LOOP_ANALYSIS = YES;
				CLANG_WARN_STRICT_PROTOTYPES = YES;
				CLANG_WARN_SUSPICIOUS_MOVE = YES;
				CLANG_WARN_UNGUARDED_AVAILABILITY = YES_AGGRESSIVE;
				CLANG_WARN_UNREACHABLE_CODE = YES;
				CLANG_WARN__DUPLICATE_METHOD_MATCH = YES;
				CODE_SIGN_IDENTITY = "iPhone Developer";
				COPY_PHASE_STRIP = NO;
				DEBUG_INFORMATION_FORMAT = dwarf;
				ENABLE_STRICT_OBJC_MSGSEND = YES;
				ENABLE_TESTABILITY = YES;
				GCC_C_LANGUAGE_STANDARD = gnu11;
				GCC_DYNAMIC_NO_PIC = NO;
				GCC_NO_COMMON_BLOCKS = YES;
				GCC_OPTIMIZATION_LEVEL = 0;
				GCC_PREPROCESSOR_DEFINITIONS = (
					"DEBUG=1",
					"$(inherited)",
				);
				GCC_WARN_64_TO_32_BIT_CONVERSION = YES;
				GCC_WARN_ABOUT_RETURN_TYPE = YES_ERROR;
				GCC_WARN_UNDECLARED_SELECTOR = YES;
				GCC_WARN_UNINITIALIZED_AUTOS = YES_AGGRESSIVE;
				GCC_WARN_UNUSED_FUNCTION = YES;
				GCC_WARN_UNUSED_VARIABLE = YES;
				IPHONEOS_DEPLOYMENT_TARGET = 11.3;
				MTL_ENABLE_DEBUG_INFO = YES;
				ONLY_ACTIVE_ARCH = YES;
				SDKROOT = iphoneos;
				SWIFT_ACTIVE_COMPILATION_CONDITIONS = DEBUG;
				SWIFT_OPTIMIZATION_LEVEL = "-Onone";
			};
			name = Debug;
		};
		1780F682211ACDD900D434C4 /* Release */ = {
			isa = XCBuildConfiguration;
			buildSettings = {
				ALWAYS_SEARCH_USER_PATHS = NO;
				CLANG_ANALYZER_NONNULL = YES;
				CLANG_ANALYZER_NUMBER_OBJECT_CONVERSION = YES_AGGRESSIVE;
				CLANG_CXX_LANGUAGE_STANDARD = "gnu++14";
				CLANG_CXX_LIBRARY = "libc++";
				CLANG_ENABLE_MODULES = YES;
				CLANG_ENABLE_OBJC_ARC = YES;
				CLANG_ENABLE_OBJC_WEAK = YES;
				CLANG_WARN_BLOCK_CAPTURE_AUTORELEASING = YES;
				CLANG_WARN_BOOL_CONVERSION = YES;
				CLANG_WARN_COMMA = YES;
				CLANG_WARN_CONSTANT_CONVERSION = YES;
				CLANG_WARN_DEPRECATED_OBJC_IMPLEMENTATIONS = YES;
				CLANG_WARN_DIRECT_OBJC_ISA_USAGE = YES_ERROR;
				CLANG_WARN_DOCUMENTATION_COMMENTS = YES;
				CLANG_WARN_EMPTY_BODY = YES;
				CLANG_WARN_ENUM_CONVERSION = YES;
				CLANG_WARN_INFINITE_RECURSION = YES;
				CLANG_WARN_INT_CONVERSION = YES;
				CLANG_WARN_NON_LITERAL_NULL_CONVERSION = YES;
				CLANG_WARN_OBJC_IMPLICIT_RETAIN_SELF = YES;
				CLANG_WARN_OBJC_LITERAL_CONVERSION = YES;
				CLANG_WARN_OBJC_ROOT_CLASS = YES_ERROR;
				CLANG_WARN_RANGE_LOOP_ANALYSIS = YES;
				CLANG_WARN_STRICT_PROTOTYPES = YES;
				CLANG_WARN_SUSPICIOUS_MOVE = YES;
				CLANG_WARN_UNGUARDED_AVAILABILITY = YES_AGGRESSIVE;
				CLANG_WARN_UNREACHABLE_CODE = YES;
				CLANG_WARN__DUPLICATE_METHOD_MATCH = YES;
				CODE_SIGN_IDENTITY = "iPhone Developer";
				COPY_PHASE_STRIP = NO;
				DEBUG_INFORMATION_FORMAT = "dwarf-with-dsym";
				ENABLE_NS_ASSERTIONS = NO;
				ENABLE_STRICT_OBJC_MSGSEND = YES;
				GCC_C_LANGUAGE_STANDARD = gnu11;
				GCC_NO_COMMON_BLOCKS = YES;
				GCC_WARN_64_TO_32_BIT_CONVERSION = YES;
				GCC_WARN_ABOUT_RETURN_TYPE = YES_ERROR;
				GCC_WARN_UNDECLARED_SELECTOR = YES;
				GCC_WARN_UNINITIALIZED_AUTOS = YES_AGGRESSIVE;
				GCC_WARN_UNUSED_FUNCTION = YES;
				GCC_WARN_UNUSED_VARIABLE = YES;
				IPHONEOS_DEPLOYMENT_TARGET = 11.3;
				MTL_ENABLE_DEBUG_INFO = NO;
				SDKROOT = iphoneos;
				SWIFT_COMPILATION_MODE = wholemodule;
				SWIFT_OPTIMIZATION_LEVEL = "-O";
				VALIDATE_PRODUCT = YES;
			};
			name = Release;
		};
		1780F684211ACDD900D434C4 /* Debug */ = {
			isa = XCBuildConfiguration;
			buildSettings = {
				ASSETCATALOG_COMPILER_APPICON_NAME = AppIcon;
				CODE_SIGN_STYLE = Automatic;
				INFOPLIST_FILE = MVVMExample/Info.plist;
				LD_RUNPATH_SEARCH_PATHS = (
					"$(inherited)",
					"@executable_path/Frameworks",
				);
				PRODUCT_BUNDLE_IDENTIFIER = com.SwiftTopics.MVVMExample;
				PRODUCT_NAME = "$(TARGET_NAME)";
				SWIFT_VERSION = 4.0;
				TARGETED_DEVICE_FAMILY = "1,2";
			};
			name = Debug;
		};
		1780F685211ACDD900D434C4 /* Release */ = {
			isa = XCBuildConfiguration;
			buildSettings = {
				ASSETCATALOG_COMPILER_APPICON_NAME = AppIcon;
				CODE_SIGN_STYLE = Automatic;
				INFOPLIST_FILE = MVVMExample/Info.plist;
				LD_RUNPATH_SEARCH_PATHS = (
					"$(inherited)",
					"@executable_path/Frameworks",
				);
				PRODUCT_BUNDLE_IDENTIFIER = com.SwiftTopics.MVVMExample;
				PRODUCT_NAME = "$(TARGET_NAME)";
				SWIFT_VERSION = 4.0;
				TARGETED_DEVICE_FAMILY = "1,2";
			};
			name = Release;
		};
/* End XCBuildConfiguration section */

/* Begin XCConfigurationList section */
		1780F669211ACDD700D434C4 /* Build configuration list for PBXProject "MVVMExample" */ = {
			isa = XCConfigurationList;
			buildConfigurations = (
				1780F681211ACDD900D434C4 /* Debug */,
				1780F682211ACDD900D434C4 /* Release */,
			);
			defaultConfigurationIsVisible = 0;
			defaultConfigurationName = Release;
		};
		1780F683211ACDD900D434C4 /* Build configuration list for PBXNativeTarget "MVVMExample" */ = {
			isa = XCConfigurationList;
			buildConfigurations = (
				1780F684211ACDD900D434C4 /* Debug */,
				1780F685211ACDD900D434C4 /* Release */,
			);
			defaultConfigurationIsVisible = 0;
			defaultConfigurationName = Release;
		};
/* End XCConfigurationList section */

/* Begin XCVersionGroup section */
		1780F678211ACDD700D434C4 /* MVVMExample.xcdatamodeld */ = {
			isa = XCVersionGroup;
			children = (
				1780F679211ACDD700D434C4 /* MVVMExample.xcdatamodel */,
			);
			currentVersion = 1780F679211ACDD700D434C4 /* MVVMExample.xcdatamodel */;
			path = MVVMExample.xcdatamodeld;
			sourceTree = "<group>";
			versionGroupType = wrapper.xcdatamodel;
		};
/* End XCVersionGroup section */
	};
	rootObject = 1780F666211ACDD700D434C4 /* Project object */;
}
